
Microsoft Visual Studio Solution File, Format Version 12.00
Project("{FAE04EC0-301F-11D3-BF4B-00C04F79EFBC}") = "ClickerWeb", "ClickerWeb.csproj", "{C4D747C8-5C77-4607-881A-A788F7E48C21}"
EndProject
Global
	GlobalSection(SolutionConfigurationPlatforms) = preSolution
		Debug|Any CPU = Debug|Any CPU
		Release|Any CPU = Release|Any CPU
	EndGlobalSection
	GlobalSection(ProjectConfigurationPlatforms) = postSolution
		{C4D747C8-5C77-4607-881A-A788F7E48C21}.Debug|Any CPU.ActiveCfg = Debug|Any CPU
		{C4D747C8-5C77-4607-881A-A788F7E48C21}.Debug|Any CPU.Build.0 = Debug|Any CPU
		{C4D747C8-5C77-4607-881A-A788F7E48C21}.Release|Any CPU.ActiveCfg = Release|Any CPU
		{C4D747C8-5C77-4607-881A-A788F7E48C21}.Release|Any CPU.Build.0 = Release|Any CPU
	EndGlobalSection
EndGlobal
